// !$*UTF8*$!
{
	archiveVersion = 1;
	classes = {
	};
	objectVersion = 77;
	objects = {

/* Begin PBXBuildFile section */
		05465E822DF71D6200E5CEA9 /* Assets.xcassets in Resources */ = {isa = PBXBuildFile; fileRef = 05465E7E2DF71D6200E5CEA9 /* Assets.xcassets */; };
		05465E832DF71D6200E5CEA9 /* AppCoreView.swift in Sources */ = {isa = PBXBuildFile; fileRef = 05465E7F2DF71D6200E5CEA9 /* AppCoreView.swift */; };
		05465E842DF71D6200E5CEA9 /* TCA_Arch_PratciceApp.swift in Sources */ = {isa = PBXBuildFile; fileRef = 05465E802DF71D6200E5CEA9 /* TCA_Arch_PratciceApp.swift */; };
		05465E872DF71D7B00E5CEA9 /* SUINavigation in Frameworks */ = {isa = PBXBuildFile; productRef = 05465E862DF71D7B00E5CEA9 /* SUINavigation */; };
		05465E8A2DF71D9500E5CEA9 /* ComposableArchitecture in Frameworks */ = {isa = PBXBuildFile; productRef = 05465E892DF71D9500E5CEA9 /* ComposableArchitecture */; };
		05465E8C2DF71E0900E5CEA9 /* READEME.md in Resources */ = {isa = PBXBuildFile; fileRef = 05465E8B2DF71E0900E5CEA9 /* READEME.md */; };
		05465E8F2DF7352700E5CEA9 /* AppCoreReducer.swift in Sources */ = {isa = PBXBuildFile; fileRef = 05465E8E2DF7352700E5CEA9 /* AppCoreReducer.swift */; };
		05465E942DF75AB400E5CEA9 /* FirstView.swift in Sources */ = {isa = PBXBuildFile; fileRef = 05465E932DF75AB400E5CEA9 /* FirstView.swift */; };
		05465E962DF75ABA00E5CEA9 /* SecondView.swift in Sources */ = {isa = PBXBuildFile; fileRef = 05465E952DF75ABA00E5CEA9 /* SecondView.swift */; };
		05465E982DF75AC200E5CEA9 /* ThirdRootView.swift in Sources */ = {isa = PBXBuildFile; fileRef = 05465E972DF75AC200E5CEA9 /* ThirdRootView.swift */; };
		05465E9D2DF75B6000E5CEA9 /* FirstReducer.swift in Sources */ = {isa = PBXBuildFile; fileRef = 05465E9C2DF75B6000E5CEA9 /* FirstReducer.swift */; };
		05465E9F2DF75B6800E5CEA9 /* SecondReducer.swift in Sources */ = {isa = PBXBuildFile; fileRef = 05465E9E2DF75B6800E5CEA9 /* SecondReducer.swift */; };
		05465EA12DF75B7000E5CEA9 /* ThirdRootStore.swift in Sources */ = {isa = PBXBuildFile; fileRef = 05465EA02DF75B7000E5CEA9 /* ThirdRootStore.swift */; };
		05465EA72DF7678F00E5CEA9 /* TabItem.swift in Sources */ = {isa = PBXBuildFile; fileRef = 05465EA62DF7678F00E5CEA9 /* TabItem.swift */; };
		05465EAA2DF767AD00E5CEA9 /* User.swift in Sources */ = {isa = PBXBuildFile; fileRef = 05465EA92DF767AD00E5CEA9 /* User.swift */; };
		05465EFA2DF9CA1D00E5CEA9 /* SecondDetalisView.swift in Sources */ = {isa = PBXBuildFile; fileRef = 05465EF92DF9CA1D00E5CEA9 /* SecondDetalisView.swift */; };
		05465EFC2DF9CA2F00E5CEA9 /* SecondDetailsReducer.swift in Sources */ = {isa = PBXBuildFile; fileRef = 05465EFB2DF9CA2F00E5CEA9 /* SecondDetailsReducer.swift */; };
		05465F002DF9E8D000E5CEA9 /* ThirdEditView.swift in Sources */ = {isa = PBXBuildFile; fileRef = 05465EFF2DF9E8D000E5CEA9 /* ThirdEditView.swift */; };
		05465F042DF9E8E600E5CEA9 /* ThirdEditStore.swift in Sources */ = {isa = PBXBuildFile; fileRef = 05465F032DF9E8E600E5CEA9 /* ThirdEditStore.swift */; };
		05F85E882DF9F74500482DE8 /* ThirdDetailsView.swift in Sources */ = {isa = PBXBuildFile; fileRef = 05F85E862DF9F74500482DE8 /* ThirdDetailsView.swift */; };
		05F85E892DF9F74500482DE8 /*  ThirdDetailsStore.swift in Sources */ = {isa = PBXBuildFile; fileRef = 05F85E852DF9F74500482DE8 /*  ThirdDetailsStore.swift */; };
/* End PBXBuildFile section */

/* Begin PBXFileReference section */
		05465E702DF71D5400E5CEA9 /* TCA_Arch_Pratcice.app */ = {isa = PBXFileReference; explicitFileType = wrapper.application; includeInIndex = 0; path = TCA_Arch_Pratcice.app; sourceTree = BUILT_PRODUCTS_DIR; };
		05465E7E2DF71D6200E5CEA9 /* Assets.xcassets */ = {isa = PBXFileReference; lastKnownFileType = folder.assetcatalog; path = Assets.xcassets; sourceTree = "<group>"; };
		05465E7F2DF71D6200E5CEA9 /* AppCoreView.swift */ = {isa = PBXFileReference; lastKnownFileType = sourcecode.swift; path = AppCoreView.swift; sourceTree = "<group>"; };
		05465E802DF71D6200E5CEA9 /* TCA_Arch_PratciceApp.swift */ = {isa = PBXFileReference; lastKnownFileType = sourcecode.swift; path = TCA_Arch_PratciceApp.swift; sourceTree = "<group>"; };
		05465E8B2DF71E0900E5CEA9 /* READEME.md */ = {isa = PBXFileReference; lastKnownFileType = net.daringfireball.markdown; path = READEME.md; sourceTree = "<group>"; };
		05465E8E2DF7352700E5CEA9 /* AppCoreReducer.swift */ = {isa = PBXFileReference; lastKnownFileType = sourcecode.swift; path = AppCoreReducer.swift; sourceTree = "<group>"; };
		05465E932DF75AB400E5CEA9 /* FirstView.swift */ = {isa = PBXFileReference; lastKnownFileType = sourcecode.swift; path = FirstView.swift; sourceTree = "<group>"; };
		05465E952DF75ABA00E5CEA9 /* SecondView.swift */ = {isa = PBXFileReference; lastKnownFileType = sourcecode.swift; path = SecondView.swift; sourceTree = "<group>"; };
		05465E972DF75AC200E5CEA9 /* ThirdRootView.swift */ = {isa = PBXFileReference; lastKnownFileType = sourcecode.swift; path = ThirdRootView.swift; sourceTree = "<group>"; };
		05465E9C2DF75B6000E5CEA9 /* FirstReducer.swift */ = {isa = PBXFileReference; lastKnownFileType = sourcecode.swift; path = FirstReducer.swift; sourceTree = "<group>"; };
		05465E9E2DF75B6800E5CEA9 /* SecondReducer.swift */ = {isa = PBXFileReference; lastKnownFileType = sourcecode.swift; path = SecondReducer.swift; sourceTree = "<group>"; };
		05465EA02DF75B7000E5CEA9 /* ThirdRootStore.swift */ = {isa = PBXFileReference; lastKnownFileType = sourcecode.swift; path = ThirdRootStore.swift; sourceTree = "<group>"; };
		05465EA62DF7678F00E5CEA9 /* TabItem.swift */ = {isa = PBXFileReference; lastKnownFileType = sourcecode.swift; path = TabItem.swift; sourceTree = "<group>"; };
		05465EA92DF767AD00E5CEA9 /* User.swift */ = {isa = PBXFileReference; lastKnownFileType = sourcecode.swift; path = User.swift; sourceTree = "<group>"; };
		05465EF92DF9CA1D00E5CEA9 /* SecondDetalisView.swift */ = {isa = PBXFileReference; lastKnownFileType = sourcecode.swift; path = SecondDetalisView.swift; sourceTree = "<group>"; };
		05465EFB2DF9CA2F00E5CEA9 /* SecondDetailsReducer.swift */ = {isa = PBXFileReference; lastKnownFileType = sourcecode.swift; path = SecondDetailsReducer.swift; sourceTree = "<group>"; };
		05465EFF2DF9E8D000E5CEA9 /* ThirdEditView.swift */ = {isa = PBXFileReference; lastKnownFileType = sourcecode.swift; path = ThirdEditView.swift; sourceTree = "<group>"; };
		05465F032DF9E8E600E5CEA9 /* ThirdEditStore.swift */ = {isa = PBXFileReference; lastKnownFileType = sourcecode.swift; path = ThirdEditStore.swift; sourceTree = "<group>"; };
		05F85E852DF9F74500482DE8 /*  ThirdDetailsStore.swift */ = {isa = PBXFileReference; lastKnownFileType = sourcecode.swift; path = " ThirdDetailsStore.swift"; sourceTree = "<group>"; };
		05F85E862DF9F74500482DE8 /* ThirdDetailsView.swift */ = {isa = PBXFileReference; lastKnownFileType = sourcecode.swift; path = ThirdDetailsView.swift; sourceTree = "<group>"; };
/* End PBXFileReference section */

/* Begin PBXFrameworksBuildPhase section */
		05465E6D2DF71D5400E5CEA9 /* Frameworks */ = {
			isa = PBXFrameworksBuildPhase;
			buildActionMask = 2147483647;
			files = (
				05465E8A2DF71D9500E5CEA9 /* ComposableArchitecture in Frameworks */,
				05465E872DF71D7B00E5CEA9 /* SUINavigation in Frameworks */,
			);
			runOnlyForDeploymentPostprocessing = 0;
		};
/* End PBXFrameworksBuildPhase section */

/* Begin PBXGroup section */
		05465E672DF71D5400E5CEA9 = {
			isa = PBXGroup;
			children = (
				05465E812DF71D6200E5CEA9 /* TCA_Arch_Pratcice */,
				05465E712DF71D5400E5CEA9 /* Products */,
			);
			sourceTree = "<group>";
		};
		05465E712DF71D5400E5CEA9 /* Products */ = {
			isa = PBXGroup;
			children = (
				05465E702DF71D5400E5CEA9 /* TCA_Arch_Pratcice.app */,
			);
			name = Products;
			sourceTree = "<group>";
		};
		05465E812DF71D6200E5CEA9 /* TCA_Arch_Pratcice */ = {
			isa = PBXGroup;
			children = (
				05465E802DF71D6200E5CEA9 /* TCA_Arch_PratciceApp.swift */,
				05465E922DF7599C00E5CEA9 /* AppCore */,
				05465EA82DF767A000E5CEA9 /* Models */,
				05465EA52DF7678700E5CEA9 /* Enums */,
				05465E992DF75B3A00E5CEA9 /* FirstScreen */,
				05465E9A2DF75B4300E5CEA9 /* SecondScreen */,
				05465E9B2DF75B4A00E5CEA9 /* ThirdScreen */,
				05465E8B2DF71E0900E5CEA9 /* READEME.md */,
				05465E7E2DF71D6200E5CEA9 /* Assets.xcassets */,
			);
			path = TCA_Arch_Pratcice;
			sourceTree = "<group>";
		};
		05465E922DF7599C00E5CEA9 /* AppCore */ = {
			isa = PBXGroup;
			children = (
				05465E7F2DF71D6200E5CEA9 /* AppCoreView.swift */,
				05465E8E2DF7352700E5CEA9 /* AppCoreReducer.swift */,
			);
			path = AppCore;
			sourceTree = "<group>";
		};
		05465E992DF75B3A00E5CEA9 /* FirstScreen */ = {
			isa = PBXGroup;
			children = (
				05465E932DF75AB400E5CEA9 /* FirstView.swift */,
				05465E9C2DF75B6000E5CEA9 /* FirstReducer.swift */,
			);
			path = FirstScreen;
			sourceTree = "<group>";
		};
		05465E9A2DF75B4300E5CEA9 /* SecondScreen */ = {
			isa = PBXGroup;
			children = (
				05465E952DF75ABA00E5CEA9 /* SecondView.swift */,
				05465E9E2DF75B6800E5CEA9 /* SecondReducer.swift */,
				05465EF92DF9CA1D00E5CEA9 /* SecondDetalisView.swift */,
				05465EFB2DF9CA2F00E5CEA9 /* SecondDetailsReducer.swift */,
			);
			path = SecondScreen;
			sourceTree = "<group>";
		};
		05465E9B2DF75B4A00E5CEA9 /* ThirdScreen */ = {
			isa = PBXGroup;
			children = (
				05465EA02DF75B7000E5CEA9 /* ThirdRootStore.swift */,
				05465E972DF75AC200E5CEA9 /* ThirdRootView.swift */,
				05F85E872DF9F74500482DE8 /* ThirdDetails */,
				05465F062DF9E90900E5CEA9 /* ThirdEdit */,
			);
			path = ThirdScreen;
			sourceTree = "<group>";
		};
		05465EA52DF7678700E5CEA9 /* Enums */ = {
			isa = PBXGroup;
			children = (
				05465EA62DF7678F00E5CEA9 /* TabItem.swift */,
			);
			path = Enums;
			sourceTree = "<group>";
		};
		05465EA82DF767A000E5CEA9 /* Models */ = {
			isa = PBXGroup;
			children = (
				05465EA92DF767AD00E5CEA9 /* User.swift */,
			);
			path = Models;
			sourceTree = "<group>";
		};
		05465F062DF9E90900E5CEA9 /* ThirdEdit */ = {
			isa = PBXGroup;
			children = (
				05465F032DF9E8E600E5CEA9 /* ThirdEditStore.swift */,
				05465EFF2DF9E8D000E5CEA9 /* ThirdEditView.swift */,
			);
			path = ThirdEdit;
			sourceTree = "<group>";
		};
		05F85E872DF9F74500482DE8 /* ThirdDetails */ = {
			isa = PBXGroup;
			children = (
				05F85E852DF9F74500482DE8 /*  ThirdDetailsStore.swift */,
				05F85E862DF9F74500482DE8 /* ThirdDetailsView.swift */,
			);
			path = ThirdDetails;
			sourceTree = "<group>";
		};
/* End PBXGroup section */

/* Begin PBXNativeTarget section */
		05465E6F2DF71D5400E5CEA9 /* TCA_Arch_Pratcice */ = {
			isa = PBXNativeTarget;
			buildConfigurationList = 05465E7B2DF71D5500E5CEA9 /* Build configuration list for PBXNativeTarget "TCA_Arch_Pratcice" */;
			buildPhases = (
				05465E6C2DF71D5400E5CEA9 /* Sources */,
				05465E6D2DF71D5400E5CEA9 /* Frameworks */,
				05465E6E2DF71D5400E5CEA9 /* Resources */,
			);
			buildRules = (
			);
			dependencies = (
			);
			name = TCA_Arch_Pratcice;
			packageProductDependencies = (
				05465E862DF71D7B00E5CEA9 /* SUINavigation */,
				05465E892DF71D9500E5CEA9 /* ComposableArchitecture */,
			);
			productName = TCA_Arch_Pratcice;
			productReference = 05465E702DF71D5400E5CEA9 /* TCA_Arch_Pratcice.app */;
			productType = "com.apple.product-type.application";
		};
/* End PBXNativeTarget section */

/* Begin PBXProject section */
		05465E682DF71D5400E5CEA9 /* Project object */ = {
			isa = PBXProject;
			attributes = {
				BuildIndependentTargetsInParallel = 1;
				LastSwiftUpdateCheck = 1640;
				LastUpgradeCheck = 1640;
				TargetAttributes = {
					05465E6F2DF71D5400E5CEA9 = {
						CreatedOnToolsVersion = 16.4;
					};
				};
			};
			buildConfigurationList = 05465E6B2DF71D5400E5CEA9 /* Build configuration list for PBXProject "TCA_Arch_Pratcice" */;
			developmentRegion = en;
			hasScannedForEncodings = 0;
			knownRegions = (
				en,
				Base,
			);
			mainGroup = 05465E672DF71D5400E5CEA9;
			minimizedProjectReferenceProxies = 1;
			packageReferences = (
				05465E852DF71D7B00E5CEA9 /* XCRemoteSwiftPackageReference "SUINavigation" */,
				05465E882DF71D9500E5CEA9 /* XCRemoteSwiftPackageReference "swift-composable-architecture" */,
			);
			preferredProjectObjectVersion = 77;
			productRefGroup = 05465E712DF71D5400E5CEA9 /* Products */;
			projectDirPath = "";
			projectRoot = "";
			targets = (
				05465E6F2DF71D5400E5CEA9 /* TCA_Arch_Pratcice */,
			);
		};
/* End PBXProject section */

/* Begin PBXResourcesBuildPhase section */
		05465E6E2DF71D5400E5CEA9 /* Resources */ = {
			isa = PBXResourcesBuildPhase;
			buildActionMask = 2147483647;
			files = (
				05465E8C2DF71E0900E5CEA9 /* READEME.md in Resources */,
				05465E822DF71D6200E5CEA9 /* Assets.xcassets in Resources */,
			);
			runOnlyForDeploymentPostprocessing = 0;
		};
/* End PBXResourcesBuildPhase section */

/* Begin PBXSourcesBuildPhase section */
		05465E6C2DF71D5400E5CEA9 /* Sources */ = {
			isa = PBXSourcesBuildPhase;
			buildActionMask = 2147483647;
			files = (
				05465E832DF71D6200E5CEA9 /* AppCoreView.swift in Sources */,
				05465E962DF75ABA00E5CEA9 /* SecondView.swift in Sources */,
				05465E942DF75AB400E5CEA9 /* FirstView.swift in Sources */,
				05465E8F2DF7352700E5CEA9 /* AppCoreReducer.swift in Sources */,
				05465E9F2DF75B6800E5CEA9 /* SecondReducer.swift in Sources */,
				05465F042DF9E8E600E5CEA9 /* ThirdEditStore.swift in Sources */,
				05465E982DF75AC200E5CEA9 /* ThirdRootView.swift in Sources */,
				05465EFA2DF9CA1D00E5CEA9 /* SecondDetalisView.swift in Sources */,
				05465F002DF9E8D000E5CEA9 /* ThirdEditView.swift in Sources */,
				05465EA12DF75B7000E5CEA9 /* ThirdRootStore.swift in Sources */,
				05465E9D2DF75B6000E5CEA9 /* FirstReducer.swift in Sources */,
				05465EFC2DF9CA2F00E5CEA9 /* SecondDetailsReducer.swift in Sources */,
				05465EA72DF7678F00E5CEA9 /* TabItem.swift in Sources */,
				05465E842DF71D6200E5CEA9 /* TCA_Arch_PratciceApp.swift in Sources */,
				05F85E882DF9F74500482DE8 /* ThirdDetailsView.swift in Sources */,
				05F85E892DF9F74500482DE8 /*  ThirdDetailsStore.swift in Sources */,
				05465EAA2DF767AD00E5CEA9 /* User.swift in Sources */,
			);
			runOnlyForDeploymentPostprocessing = 0;
		};
/* End PBXSourcesBuildPhase section */

/* Begin XCBuildConfiguration section */
		05465E792DF71D5500E5CEA9 /* Debug */ = {
			isa = XCBuildConfiguration;
			buildSettings = {
				ALWAYS_SEARCH_USER_PATHS = NO;
				ASSETCATALOG_COMPILER_GENERATE_SWIFT_ASSET_SYMBOL_EXTENSIONS = YES;
				CLANG_ANALYZER_NONNULL = YES;
				CLANG_ANALYZER_NUMBER_OBJECT_CONVERSION = YES_AGGRESSIVE;
				CLANG_CXX_LANGUAGE_STANDARD = "gnu++20";
				CLANG_ENABLE_MODULES = YES;
				CLANG_ENABLE_OBJC_ARC = YES;
				CLANG_ENABLE_OBJC_WEAK = YES;
				CLANG_WARN_BLOCK_CAPTURE_AUTORELEASING = YES;
				CLANG_WARN_BOOL_CONVERSION = YES;
				CLANG_WARN_COMMA = YES;
				CLANG_WARN_CONSTANT_CONVERSION = YES;
				CLANG_WARN_DEPRECATED_OBJC_IMPLEMENTATIONS = YES;
				CLANG_WARN_DIRECT_OBJC_ISA_USAGE = YES_ERROR;
				CLANG_WARN_DOCUMENTATION_COMMENTS = YES;
				CLANG_WARN_EMPTY_BODY = YES;
				CLANG_WARN_ENUM_CONVERSION = YES;
				CLANG_WARN_INFINITE_RECURSION = YES;
				CLANG_WARN_INT_CONVERSION = YES;
				CLANG_WARN_NON_LITERAL_NULL_CONVERSION = YES;
				CLANG_WARN_OBJC_IMPLICIT_RETAIN_SELF = YES;
				CLANG_WARN_OBJC_LITERAL_CONVERSION = YES;
				CLANG_WARN_OBJC_ROOT_CLASS = YES_ERROR;
				CLANG_WARN_QUOTED_INCLUDE_IN_FRAMEWORK_HEADER = YES;
				CLANG_WARN_RANGE_LOOP_ANALYSIS = YES;
				CLANG_WARN_STRICT_PROTOTYPES = YES;
				CLANG_WARN_SUSPICIOUS_MOVE = YES;
				CLANG_WARN_UNGUARDED_AVAILABILITY = YES_AGGRESSIVE;
				CLANG_WARN_UNREACHABLE_CODE = YES;
				CLANG_WARN__DUPLICATE_METHOD_MATCH = YES;
				COPY_PHASE_STRIP = NO;
				DEBUG_INFORMATION_FORMAT = dwarf;
				DEVELOPMENT_TEAM = AM64M5A8BU;
				ENABLE_STRICT_OBJC_MSGSEND = YES;
				ENABLE_TESTABILITY = YES;
				ENABLE_USER_SCRIPT_SANDBOXING = YES;
				GCC_C_LANGUAGE_STANDARD = gnu17;
				GCC_DYNAMIC_NO_PIC = NO;
				GCC_NO_COMMON_BLOCKS = YES;
				GCC_OPTIMIZATION_LEVEL = 0;
				GCC_PREPROCESSOR_DEFINITIONS = (
					"DEBUG=1",
					"$(inherited)",
				);
				GCC_WARN_64_TO_32_BIT_CONVERSION = YES;
				GCC_WARN_ABOUT_RETURN_TYPE = YES_ERROR;
				GCC_WARN_UNDECLARED_SELECTOR = YES;
				GCC_WARN_UNINITIALIZED_AUTOS = YES_AGGRESSIVE;
				GCC_WARN_UNUSED_FUNCTION = YES;
				GCC_WARN_UNUSED_VARIABLE = YES;
				IPHONEOS_DEPLOYMENT_TARGET = 18.5;
				LOCALIZATION_PREFERS_STRING_CATALOGS = YES;
				MTL_ENABLE_DEBUG_INFO = INCLUDE_SOURCE;
				MTL_FAST_MATH = YES;
				ONLY_ACTIVE_ARCH = YES;
				SDKROOT = iphoneos;
				SWIFT_ACTIVE_COMPILATION_CONDITIONS = "DEBUG $(inherited)";
				SWIFT_OPTIMIZATION_LEVEL = "-Onone";
			};
			name = Debug;
		};
		05465E7A2DF71D5500E5CEA9 /* Release */ = {
			isa = XCBuildConfiguration;
			buildSettings = {
				ALWAYS_SEARCH_USER_PATHS = NO;
				ASSETCATALOG_COMPILER_GENERATE_SWIFT_ASSET_SYMBOL_EXTENSIONS = YES;
				CLANG_ANALYZER_NONNULL = YES;
				CLANG_ANALYZER_NUMBER_OBJECT_CONVERSION = YES_AGGRESSIVE;
				CLANG_CXX_LANGUAGE_STANDARD = "gnu++20";
				CLANG_ENABLE_MODULES = YES;
				CLANG_ENABLE_OBJC_ARC = YES;
				CLANG_ENABLE_OBJC_WEAK = YES;
				CLANG_WARN_BLOCK_CAPTURE_AUTORELEASING = YES;
				CLANG_WARN_BOOL_CONVERSION = YES;
				CLANG_WARN_COMMA = YES;
				CLANG_WARN_CONSTANT_CONVERSION = YES;
				CLANG_WARN_DEPRECATED_OBJC_IMPLEMENTATIONS = YES;
				CLANG_WARN_DIRECT_OBJC_ISA_USAGE = YES_ERROR;
				CLANG_WARN_DOCUMENTATION_COMMENTS = YES;
				CLANG_WARN_EMPTY_BODY = YES;
				CLANG_WARN_ENUM_CONVERSION = YES;
				CLANG_WARN_INFINITE_RECURSION = YES;
				CLANG_WARN_INT_CONVERSION = YES;
				CLANG_WARN_NON_LITERAL_NULL_CONVERSION = YES;
				CLANG_WARN_OBJC_IMPLICIT_RETAIN_SELF = YES;
				CLANG_WARN_OBJC_LITERAL_CONVERSION = YES;
				CLANG_WARN_OBJC_ROOT_CLASS = YES_ERROR;
				CLANG_WARN_QUOTED_INCLUDE_IN_FRAMEWORK_HEADER = YES;
				CLANG_WARN_RANGE_LOOP_ANALYSIS = YES;
				CLANG_WARN_STRICT_PROTOTYPES = YES;
				CLANG_WARN_SUSPICIOUS_MOVE = YES;
				CLANG_WARN_UNGUARDED_AVAILABILITY = YES_AGGRESSIVE;
				CLANG_WARN_UNREACHABLE_CODE = YES;
				CLANG_WARN__DUPLICATE_METHOD_MATCH = YES;
				COPY_PHASE_STRIP = NO;
				DEBUG_INFORMATION_FORMAT = "dwarf-with-dsym";
				DEVELOPMENT_TEAM = AM64M5A8BU;
				ENABLE_NS_ASSERTIONS = NO;
				ENABLE_STRICT_OBJC_MSGSEND = YES;
				ENABLE_USER_SCRIPT_SANDBOXING = YES;
				GCC_C_LANGUAGE_STANDARD = gnu17;
				GCC_NO_COMMON_BLOCKS = YES;
				GCC_WARN_64_TO_32_BIT_CONVERSION = YES;
				GCC_WARN_ABOUT_RETURN_TYPE = YES_ERROR;
				GCC_WARN_UNDECLARED_SELECTOR = YES;
				GCC_WARN_UNINITIALIZED_AUTOS = YES_AGGRESSIVE;
				GCC_WARN_UNUSED_FUNCTION = YES;
				GCC_WARN_UNUSED_VARIABLE = YES;
				IPHONEOS_DEPLOYMENT_TARGET = 18.5;
				LOCALIZATION_PREFERS_STRING_CATALOGS = YES;
				MTL_ENABLE_DEBUG_INFO = NO;
				MTL_FAST_MATH = YES;
				SDKROOT = iphoneos;
				SWIFT_COMPILATION_MODE = wholemodule;
				VALIDATE_PRODUCT = YES;
			};
			name = Release;
		};
		05465E7C2DF71D5500E5CEA9 /* Debug */ = {
			isa = XCBuildConfiguration;
			buildSettings = {
				ASSETCATALOG_COMPILER_APPICON_NAME = AppIcon;
				ASSETCATALOG_COMPILER_GLOBAL_ACCENT_COLOR_NAME = AccentColor;
				CODE_SIGN_STYLE = Automatic;
				CURRENT_PROJECT_VERSION = 1;
				DEVELOPMENT_TEAM = AM64M5A8BU;
				ENABLE_PREVIEWS = YES;
				GENERATE_INFOPLIST_FILE = YES;
				INFOPLIST_KEY_UIApplicationSceneManifest_Generation = YES;
				INFOPLIST_KEY_UIApplicationSupportsIndirectInputEvents = YES;
				INFOPLIST_KEY_UILaunchScreen_Generation = YES;
				INFOPLIST_KEY_UISupportedInterfaceOrientations_iPad = "UIInterfaceOrientationPortrait UIInterfaceOrientationPortraitUpsideDown UIInterfaceOrientationLandscapeLeft UIInterfaceOrientationLandscapeRight";
				INFOPLIST_KEY_UISupportedInterfaceOrientations_iPhone = "UIInterfaceOrientationPortrait UIInterfaceOrientationLandscapeLeft UIInterfaceOrientationLandscapeRight";
				IPHONEOS_DEPLOYMENT_TARGET = 16;
				LD_RUNPATH_SEARCH_PATHS = (
					"$(inherited)",
					"@executable_path/Frameworks",
				);
				MARKETING_VERSION = 1.0;
				PRODUCT_BUNDLE_IDENTIFIER = "DenisDenisov.TCA-Arch-Pratcice";
				PRODUCT_NAME = "$(TARGET_NAME)";
				SUPPORTED_PLATFORMS = "iphoneos iphonesimulator";
				SUPPORTS_MACCATALYST = NO;
				SUPPORTS_MAC_DESIGNED_FOR_IPHONE_IPAD = NO;
				SUPPORTS_XR_DESIGNED_FOR_IPHONE_IPAD = NO;
				SWIFT_EMIT_LOC_STRINGS = YES;
				SWIFT_VERSION = 5.0;
				TARGETED_DEVICE_FAMILY = 1;
			};
			name = Debug;
		};
		05465E7D2DF71D5500E5CEA9 /* Release */ = {
			isa = XCBuildConfiguration;
			buildSettings = {
				ASSETCATALOG_COMPILER_APPICON_NAME = AppIcon;
				ASSETCATALOG_COMPILER_GLOBAL_ACCENT_COLOR_NAME = AccentColor;
				CODE_SIGN_STYLE = Automatic;
				CURRENT_PROJECT_VERSION = 1;
				DEVELOPMENT_TEAM = AM64M5A8BU;
				ENABLE_PREVIEWS = YES;
				GENERATE_INFOPLIST_FILE = YES;
				INFOPLIST_KEY_UIApplicationSceneManifest_Generation = YES;
				INFOPLIST_KEY_UIApplicationSupportsIndirectInputEvents = YES;
				INFOPLIST_KEY_UILaunchScreen_Generation = YES;
				INFOPLIST_KEY_UISupportedInterfaceOrientations_iPad = "UIInterfaceOrientationPortrait UIInterfaceOrientationPortraitUpsideDown UIInterfaceOrientationLandscapeLeft UIInterfaceOrientationLandscapeRight";
				INFOPLIST_KEY_UISupportedInterfaceOrientations_iPhone = "UIInterfaceOrientationPortrait UIInterfaceOrientationLandscapeLeft UIInterfaceOrientationLandscapeRight";
				IPHONEOS_DEPLOYMENT_TARGET = 16;
				LD_RUNPATH_SEARCH_PATHS = (
					"$(inherited)",
					"@executable_path/Frameworks",
				);
				MARKETING_VERSION = 1.0;
				PRODUCT_BUNDLE_IDENTIFIER = "DenisDenisov.TCA-Arch-Pratcice";
				PRODUCT_NAME = "$(TARGET_NAME)";
				SUPPORTED_PLATFORMS = "iphoneos iphonesimulator";
				SUPPORTS_MACCATALYST = NO;
				SUPPORTS_MAC_DESIGNED_FOR_IPHONE_IPAD = NO;
				SUPPORTS_XR_DESIGNED_FOR_IPHONE_IPAD = NO;
				SWIFT_EMIT_LOC_STRINGS = YES;
				SWIFT_VERSION = 5.0;
				TARGETED_DEVICE_FAMILY = 1;
			};
			name = Release;
		};
/* End XCBuildConfiguration section */

/* Begin XCConfigurationList section */
		05465E6B2DF71D5400E5CEA9 /* Build configuration list for PBXProject "TCA_Arch_Pratcice" */ = {
			isa = XCConfigurationList;
			buildConfigurations = (
				05465E792DF71D5500E5CEA9 /* Debug */,
				05465E7A2DF71D5500E5CEA9 /* Release */,
			);
			defaultConfigurationIsVisible = 0;
			defaultConfigurationName = Release;
		};
		05465E7B2DF71D5500E5CEA9 /* Build configuration list for PBXNativeTarget "TCA_Arch_Pratcice" */ = {
			isa = XCConfigurationList;
			buildConfigurations = (
				05465E7C2DF71D5500E5CEA9 /* Debug */,
				05465E7D2DF71D5500E5CEA9 /* Release */,
			);
			defaultConfigurationIsVisible = 0;
			defaultConfigurationName = Release;
		};
/* End XCConfigurationList section */

/* Begin XCRemoteSwiftPackageReference section */
		05465E852DF71D7B00E5CEA9 /* XCRemoteSwiftPackageReference "SUINavigation" */ = {
			isa = XCRemoteSwiftPackageReference;
			repositoryURL = "https://github.com/ozontech/SUINavigation";
			requirement = {
				kind = upToNextMajorVersion;
				minimumVersion = 1.11.0;
			};
		};
		05465E882DF71D9500E5CEA9 /* XCRemoteSwiftPackageReference "swift-composable-architecture" */ = {
			isa = XCRemoteSwiftPackageReference;
			repositoryURL = "https://github.com/pointfreeco/swift-composable-architecture";
			requirement = {
				kind = upToNextMajorVersion;
				minimumVersion = 1.20.2;
			};
		};
/* End XCRemoteSwiftPackageReference section */

/* Begin XCSwiftPackageProductDependency section */
		05465E862DF71D7B00E5CEA9 /* SUINavigation */ = {
			isa = XCSwiftPackageProductDependency;
			package = 05465E852DF71D7B00E5CEA9 /* XCRemoteSwiftPackageReference "SUINavigation" */;
			productName = SUINavigation;
		};
		05465E892DF71D9500E5CEA9 /* ComposableArchitecture */ = {
			isa = XCSwiftPackageProductDependency;
			package = 05465E882DF71D9500E5CEA9 /* XCRemoteSwiftPackageReference "swift-composable-architecture" */;
			productName = ComposableArchitecture;
		};
/* End XCSwiftPackageProductDependency section */
	};
	rootObject = 05465E682DF71D5400E5CEA9 /* Project object */;
}
